{
  "version": 1,
  "dependencies": {
    "net7.0": {
      "MediatR": {
        "type": "Direct",
        "requested": "[11.1.0, )",
        "resolved": "11.1.0",
        "contentHash": "YIbtrLOyeCuIv8vIuHL/mMdls5xmgS36pIOJDxKZuu55nxA2MI2Z+E/Uk0z+F/LE11AGmpjplOM0NZ91m5LQBA==",
        "dependencies": {
          "MediatR.Contracts": "1.0.1"
        }
      },
      "MediatR.Extensions.Microsoft.DependencyInjection": {
        "type": "Direct",
        "requested": "[11.0.0, )",
        "resolved": "11.0.0",
        "contentHash": "jfD2NBYvP+HiUil2DWfM4bn+bCLp4H2xvoc9aorcnn2Jpgz7Ey8RyYMpgqeF3bs6CP6t8pzb6WkF5NFF/1RLHA==",
        "dependencies": {
          "MediatR": "11.0.0",
          "Microsoft.Extensions.DependencyInjection.Abstractions": "6.0.0"
        }
      },
      "System.Reflection.TypeExtensions": {
        "type": "Direct",
        "requested": "[4.7.0, )",
        "resolved": "4.7.0",
        "contentHash": "VybpaOQQhqE6siHppMktjfGBw1GCwvCqiufqmP8F1nj7fTUNtW35LOEt3UZTEsECfo+ELAl/9o9nJx3U91i7vA=="
      },
      "MediatR.Contracts": {
        "type": "Transitive",
        "resolved": "1.0.1",
        "contentHash": "NsRvOxthhkYml4DcBMyJsmym8C4MchioH7wxKVPEg7plFj9Euh/i4IcmZ3Gvgx6+K8obeuhPeJdoBl56wnuo3A=="
      },
      "Microsoft.Extensions.DependencyInjection.Abstractions": {
        "type": "Transitive",
        "resolved": "6.0.0",
        "contentHash": "xlzi2IYREJH3/m6+lUrQlujzX8wDitm4QGnUu6kUXTQAWPuZY8i+ticFJbzfqaetLA6KR/rO6Ew/HuYD+bxifg=="
      }
    }
  }
}